// !$*UTF8*$!
{
	archiveVersion = 1;
	classes = {
	};
	objectVersion = 46;
	objects = {

/* Begin PBXBuildFile section */
		186A87391BEA84B600C1A51D /* Meme.swift in Sources */ = {isa = PBXBuildFile; fileRef = 186A87381BEA84B600C1A51D /* Meme.swift */; };
		1896464C1C559DFC005669A6 /* SentMemesTableViewController.swift in Sources */ = {isa = PBXBuildFile; fileRef = 1896464B1C559DFC005669A6 /* SentMemesTableViewController.swift */; };
		1896464E1C55A579005669A6 /* MemeDetailViewController.swift in Sources */ = {isa = PBXBuildFile; fileRef = 1896464D1C55A579005669A6 /* MemeDetailViewController.swift */; };
		189646501C55A9E0005669A6 /* SentMemeCollectionViewController.swift in Sources */ = {isa = PBXBuildFile; fileRef = 1896464F1C55A9E0005669A6 /* SentMemeCollectionViewController.swift */; };
		189646521C55AA58005669A6 /* MemeCollectionViewCell.swift in Sources */ = {isa = PBXBuildFile; fileRef = 189646511C55AA58005669A6 /* MemeCollectionViewCell.swift */; };
		18A1FB741BE97356002FCAB6 /* AppDelegate.swift in Sources */ = {isa = PBXBuildFile; fileRef = 18A1FB731BE97356002FCAB6 /* AppDelegate.swift */; };
		18A1FB761BE97356002FCAB6 /* ViewController.swift in Sources */ = {isa = PBXBuildFile; fileRef = 18A1FB751BE97356002FCAB6 /* ViewController.swift */; };
		18A1FB791BE97356002FCAB6 /* Main.storyboard in Resources */ = {isa = PBXBuildFile; fileRef = 18A1FB771BE97356002FCAB6 /* Main.storyboard */; };
		18A1FB7B1BE97356002FCAB6 /* Assets.xcassets in Resources */ = {isa = PBXBuildFile; fileRef = 18A1FB7A1BE97356002FCAB6 /* Assets.xcassets */; };
		18A1FB7E1BE97356002FCAB6 /* LaunchScreen.storyboard in Resources */ = {isa = PBXBuildFile; fileRef = 18A1FB7C1BE97356002FCAB6 /* LaunchScreen.storyboard */; };
		18A1FB891BE97357002FCAB6 /* MemeMeTests.swift in Sources */ = {isa = PBXBuildFile; fileRef = 18A1FB881BE97357002FCAB6 /* MemeMeTests.swift */; };
		18A1FB941BE97357002FCAB6 /* MemeMeUITests.swift in Sources */ = {isa = PBXBuildFile; fileRef = 18A1FB931BE97357002FCAB6 /* MemeMeUITests.swift */; };
/* End PBXBuildFile section */

/* Begin PBXContainerItemProxy section */
		18A1FB851BE97357002FCAB6 /* PBXContainerItemProxy */ = {
			isa = PBXContainerItemProxy;
			containerPortal = 18A1FB681BE97356002FCAB6 /* Project object */;
			proxyType = 1;
			remoteGlobalIDString = 18A1FB6F1BE97356002FCAB6;
			remoteInfo = MemeMe;
		};
		18A1FB901BE97357002FCAB6 /* PBXContainerItemProxy */ = {
			isa = PBXContainerItemProxy;
			containerPortal = 18A1FB681BE97356002FCAB6 /* Project object */;
			proxyType = 1;
			remoteGlobalIDString = 18A1FB6F1BE97356002FCAB6;
			remoteInfo = MemeMe;
		};
/* End PBXContainerItemProxy section */

/* Begin PBXFileReference section */
		186A87381BEA84B600C1A51D /* Meme.swift */ = {isa = PBXFileReference; fileEncoding = 4; lastKnownFileType = sourcecode.swift; path = Meme.swift; sourceTree = "<group>"; };
		1896464B1C559DFC005669A6 /* SentMemesTableViewController.swift */ = {isa = PBXFileReference; fileEncoding = 4; lastKnownFileType = sourcecode.swift; path = SentMemesTableViewController.swift; sourceTree = "<group>"; };
		1896464D1C55A579005669A6 /* MemeDetailViewController.swift */ = {isa = PBXFileReference; fileEncoding = 4; lastKnownFileType = sourcecode.swift; path = MemeDetailViewController.swift; sourceTree = "<group>"; };
		1896464F1C55A9E0005669A6 /* SentMemeCollectionViewController.swift */ = {isa = PBXFileReference; fileEncoding = 4; lastKnownFileType = sourcecode.swift; path = SentMemeCollectionViewController.swift; sourceTree = "<group>"; };
		189646511C55AA58005669A6 /* MemeCollectionViewCell.swift */ = {isa = PBXFileReference; fileEncoding = 4; lastKnownFileType = sourcecode.swift; path = MemeCollectionViewCell.swift; sourceTree = "<group>"; };
		18A1FB701BE97356002FCAB6 /* MemeMe.app */ = {isa = PBXFileReference; explicitFileType = wrapper.application; includeInIndex = 0; path = MemeMe.app; sourceTree = BUILT_PRODUCTS_DIR; };
		18A1FB731BE97356002FCAB6 /* AppDelegate.swift */ = {isa = PBXFileReference; lastKnownFileType = sourcecode.swift; path = AppDelegate.swift; sourceTree = "<group>"; };
		18A1FB751BE97356002FCAB6 /* ViewController.swift */ = {isa = PBXFileReference; lastKnownFileType = sourcecode.swift; path = ViewController.swift; sourceTree = "<group>"; };
		18A1FB781BE97356002FCAB6 /* Base */ = {isa = PBXFileReference; lastKnownFileType = file.storyboard; name = Base; path = Base.lproj/Main.storyboard; sourceTree = "<group>"; };
		18A1FB7A1BE97356002FCAB6 /* Assets.xcassets */ = {isa = PBXFileReference; lastKnownFileType = folder.assetcatalog; path = Assets.xcassets; sourceTree = "<group>"; };
		18A1FB7D1BE97356002FCAB6 /* Base */ = {isa = PBXFileReference; lastKnownFileType = file.storyboard; name = Base; path = Base.lproj/LaunchScreen.storyboard; sourceTree = "<group>"; };
		18A1FB7F1BE97356002FCAB6 /* Info.plist */ = {isa = PBXFileReference; lastKnownFileType = text.plist.xml; path = Info.plist; sourceTree = "<group>"; };
		18A1FB841BE97357002FCAB6 /* MemeMeTests.xctest */ = {isa = PBXFileReference; explicitFileType = wrapper.cfbundle; includeInIndex = 0; path = MemeMeTests.xctest; sourceTree = BUILT_PRODUCTS_DIR; };
		18A1FB881BE97357002FCAB6 /* MemeMeTests.swift */ = {isa = PBXFileReference; lastKnownFileType = sourcecode.swift; path = MemeMeTests.swift; sourceTree = "<group>"; };
		18A1FB8A1BE97357002FCAB6 /* Info.plist */ = {isa = PBXFileReference; lastKnownFileType = text.plist.xml; path = Info.plist; sourceTree = "<group>"; };
		18A1FB8F1BE97357002FCAB6 /* MemeMeUITests.xctest */ = {isa = PBXFileReference; explicitFileType = wrapper.cfbundle; includeInIndex = 0; path = MemeMeUITests.xctest; sourceTree = BUILT_PRODUCTS_DIR; };
		18A1FB931BE97357002FCAB6 /* MemeMeUITests.swift */ = {isa = PBXFileReference; lastKnownFileType = sourcecode.swift; path = MemeMeUITests.swift; sourceTree = "<group>"; };
		18A1FB951BE97357002FCAB6 /* Info.plist */ = {isa = PBXFileReference; lastKnownFileType = text.plist.xml; path = Info.plist; sourceTree = "<group>"; };
/* End PBXFileReference section */

/* Begin PBXFrameworksBuildPhase section */
		18A1FB6D1BE97356002FCAB6 /* Frameworks */ = {
			isa = PBXFrameworksBuildPhase;
			buildActionMask = 2147483647;
			files = (
			);
			runOnlyForDeploymentPostprocessing = 0;
		};
		18A1FB811BE97357002FCAB6 /* Frameworks */ = {
			isa = PBXFrameworksBuildPhase;
			buildActionMask = 2147483647;
			files = (
			);
			runOnlyForDeploymentPostprocessing = 0;
		};
		18A1FB8C1BE97357002FCAB6 /* Frameworks */ = {
			isa = PBXFrameworksBuildPhase;
			buildActionMask = 2147483647;
			files = (
			);
			runOnlyForDeploymentPostprocessing = 0;
		};
/* End PBXFrameworksBuildPhase section */

/* Begin PBXGroup section */
		18A1FB671BE97356002FCAB6 = {
			isa = PBXGroup;
			children = (
				18A1FB721BE97356002FCAB6 /* MemeMe */,
				18A1FB871BE97357002FCAB6 /* MemeMeTests */,
				18A1FB921BE97357002FCAB6 /* MemeMeUITests */,
				18A1FB711BE97356002FCAB6 /* Products */,
			);
			sourceTree = "<group>";
		};
		18A1FB711BE97356002FCAB6 /* Products */ = {
			isa = PBXGroup;
			children = (
				18A1FB701BE97356002FCAB6 /* MemeMe.app */,
				18A1FB841BE97357002FCAB6 /* MemeMeTests.xctest */,
				18A1FB8F1BE97357002FCAB6 /* MemeMeUITests.xctest */,
			);
			name = Products;
			sourceTree = "<group>";
		};
		18A1FB721BE97356002FCAB6 /* MemeMe */ = {
			isa = PBXGroup;
			children = (
				186A87381BEA84B600C1A51D /* Meme.swift */,
				18A1FB731BE97356002FCAB6 /* AppDelegate.swift */,
				18A1FB751BE97356002FCAB6 /* ViewController.swift */,
				18A1FB771BE97356002FCAB6 /* Main.storyboard */,
				18A1FB7A1BE97356002FCAB6 /* Assets.xcassets */,
				18A1FB7C1BE97356002FCAB6 /* LaunchScreen.storyboard */,
				18A1FB7F1BE97356002FCAB6 /* Info.plist */,
				1896464B1C559DFC005669A6 /* SentMemesTableViewController.swift */,
				1896464D1C55A579005669A6 /* MemeDetailViewController.swift */,
				1896464F1C55A9E0005669A6 /* SentMemeCollectionViewController.swift */,
				189646511C55AA58005669A6 /* MemeCollectionViewCell.swift */,
			);
			path = MemeMe;
			sourceTree = "<group>";
		};
		18A1FB871BE97357002FCAB6 /* MemeMeTests */ = {
			isa = PBXGroup;
			children = (
				18A1FB881BE97357002FCAB6 /* MemeMeTests.swift */,
				18A1FB8A1BE97357002FCAB6 /* Info.plist */,
			);
			path = MemeMeTests;
			sourceTree = "<group>";
		};
		18A1FB921BE97357002FCAB6 /* MemeMeUITests */ = {
			isa = PBXGroup;
			children = (
				18A1FB931BE97357002FCAB6 /* MemeMeUITests.swift */,
				18A1FB951BE97357002FCAB6 /* Info.plist */,
			);
			path = MemeMeUITests;
			sourceTree = "<group>";
		};
/* End PBXGroup section */

/* Begin PBXNativeTarget section */
		18A1FB6F1BE97356002FCAB6 /* MemeMe */ = {
			isa = PBXNativeTarget;
			buildConfigurationList = 18A1FB981BE97357002FCAB6 /* Build configuration list for PBXNativeTarget "MemeMe" */;
			buildPhases = (
				18A1FB6C1BE97356002FCAB6 /* Sources */,
				18A1FB6D1BE97356002FCAB6 /* Frameworks */,
				18A1FB6E1BE97356002FCAB6 /* Resources */,
			);
			buildRules = (
			);
			dependencies = (
			);
			name = MemeMe;
			productName = MemeMe;
			productReference = 18A1FB701BE97356002FCAB6 /* MemeMe.app */;
			productType = "com.apple.product-type.application";
		};
		18A1FB831BE97357002FCAB6 /* MemeMeTests */ = {
			isa = PBXNativeTarget;
			buildConfigurationList = 18A1FB9B1BE97357002FCAB6 /* Build configuration list for PBXNativeTarget "MemeMeTests" */;
			buildPhases = (
				18A1FB801BE97357002FCAB6 /* Sources */,
				18A1FB811BE97357002FCAB6 /* Frameworks */,
				18A1FB821BE97357002FCAB6 /* Resources */,
			);
			buildRules = (
			);
			dependencies = (
				18A1FB861BE97357002FCAB6 /* PBXTargetDependency */,
			);
			name = MemeMeTests;
			productName = MemeMeTests;
			productReference = 18A1FB841BE97357002FCAB6 /* MemeMeTests.xctest */;
			productType = "com.apple.product-type.bundle.unit-test";
		};
		18A1FB8E1BE97357002FCAB6 /* MemeMeUITests */ = {
			isa = PBXNativeTarget;
			buildConfigurationList = 18A1FB9E1BE97357002FCAB6 /* Build configuration list for PBXNativeTarget "MemeMeUITests" */;
			buildPhases = (
				18A1FB8B1BE97357002FCAB6 /* Sources */,
				18A1FB8C1BE97357002FCAB6 /* Frameworks */,
				18A1FB8D1BE97357002FCAB6 /* Resources */,
			);
			buildRules = (
			);
			dependencies = (
				18A1FB911BE97357002FCAB6 /* PBXTargetDependency */,
			);
			name = MemeMeUITests;
			productName = MemeMeUITests;
			productReference = 18A1FB8F1BE97357002FCAB6 /* MemeMeUITests.xctest */;
			productType = "com.apple.product-type.bundle.ui-testing";
		};
/* End PBXNativeTarget section */

/* Begin PBXProject section */
		18A1FB681BE97356002FCAB6 /* Project object */ = {
			isa = PBXProject;
			attributes = {
				LastSwiftUpdateCheck = 0710;
				LastUpgradeCheck = 0710;
				ORGANIZATIONNAME = JennyLouthan;
				TargetAttributes = {
					18A1FB6F1BE97356002FCAB6 = {
						CreatedOnToolsVersion = 7.1;
					};
					18A1FB831BE97357002FCAB6 = {
						CreatedOnToolsVersion = 7.1;
						TestTargetID = 18A1FB6F1BE97356002FCAB6;
					};
					18A1FB8E1BE97357002FCAB6 = {
						CreatedOnToolsVersion = 7.1;
						TestTargetID = 18A1FB6F1BE97356002FCAB6;
					};
				};
			};
			buildConfigurationList = 18A1FB6B1BE97356002FCAB6 /* Build configuration list for PBXProject "MemeMe" */;
			compatibilityVersion = "Xcode 3.2";
			developmentRegion = English;
			hasScannedForEncodings = 0;
			knownRegions = (
				en,
				Base,
			);
			mainGroup = 18A1FB671BE97356002FCAB6;
			productRefGroup = 18A1FB711BE97356002FCAB6 /* Products */;
			projectDirPath = "";
			projectRoot = "";
			targets = (
				18A1FB6F1BE97356002FCAB6 /* MemeMe */,
				18A1FB831BE97357002FCAB6 /* MemeMeTests */,
				18A1FB8E1BE97357002FCAB6 /* MemeMeUITests */,
			);
		};
/* End PBXProject section */

/* Begin PBXResourcesBuildPhase section */
		18A1FB6E1BE97356002FCAB6 /* Resources */ = {
			isa = PBXResourcesBuildPhase;
			buildActionMask = 2147483647;
			files = (
				18A1FB7E1BE97356002FCAB6 /* LaunchScreen.storyboard in Resources */,
				18A1FB7B1BE97356002FCAB6 /* Assets.xcassets in Resources */,
				18A1FB791BE97356002FCAB6 /* Main.storyboard in Resources */,
			);
			runOnlyForDeploymentPostprocessing = 0;
		};
		18A1FB821BE97357002FCAB6 /* Resources */ = {
			isa = PBXResourcesBuildPhase;
			buildActionMask = 2147483647;
			files = (
			);
			runOnlyForDeploymentPostprocessing = 0;
		};
		18A1FB8D1BE97357002FCAB6 /* Resources */ = {
			isa = PBXResourcesBuildPhase;
			buildActionMask = 2147483647;
			files = (
			);
			runOnlyForDeploymentPostprocessing = 0;
		};
/* End PBXResourcesBuildPhase section */

/* Begin PBXSourcesBuildPhase section */
		18A1FB6C1BE97356002FCAB6 /* Sources */ = {
			isa = PBXSourcesBuildPhase;
			buildActionMask = 2147483647;
			files = (
				186A87391BEA84B600C1A51D /* Meme.swift in Sources */,
				1896464C1C559DFC005669A6 /* SentMemesTableViewController.swift in Sources */,
				18A1FB761BE97356002FCAB6 /* ViewController.swift in Sources */,
				18A1FB741BE97356002FCAB6 /* AppDelegate.swift in Sources */,
				189646521C55AA58005669A6 /* MemeCollectionViewCell.swift in Sources */,
				189646501C55A9E0005669A6 /* SentMemeCollectionViewController.swift in Sources */,
				1896464E1C55A579005669A6 /* MemeDetailViewController.swift in Sources */,
			);
			runOnlyForDeploymentPostprocessing = 0;
		};
		18A1FB801BE97357002FCAB6 /* Sources */ = {
			isa = PBXSourcesBuildPhase;
			buildActionMask = 2147483647;
			files = (
				18A1FB891BE97357002FCAB6 /* MemeMeTests.swift in Sources */,
			);
			runOnlyForDeploymentPostprocessing = 0;
		};
		18A1FB8B1BE97357002FCAB6 /* Sources */ = {
			isa = PBXSourcesBuildPhase;
			buildActionMask = 2147483647;
			files = (
				18A1FB941BE97357002FCAB6 /* MemeMeUITests.swift in Sources */,
			);
			runOnlyForDeploymentPostprocessing = 0;
		};
/* End PBXSourcesBuildPhase section */

/* Begin PBXTargetDependency section */
		18A1FB861BE97357002FCAB6 /* PBXTargetDependency */ = {
			isa = PBXTargetDependency;
			target = 18A1FB6F1BE97356002FCAB6 /* MemeMe */;
			targetProxy = 18A1FB851BE97357002FCAB6 /* PBXContainerItemProxy */;
		};
		18A1FB911BE97357002FCAB6 /* PBXTargetDependency */ = {
			isa = PBXTargetDependency;
			target = 18A1FB6F1BE97356002FCAB6 /* MemeMe */;
			targetProxy = 18A1FB901BE97357002FCAB6 /* PBXContainerItemProxy */;
		};
/* End PBXTargetDependency section */

/* Begin PBXVariantGroup section */
		18A1FB771BE97356002FCAB6 /* Main.storyboard */ = {
			isa = PBXVariantGroup;
			children = (
				18A1FB781BE97356002FCAB6 /* Base */,
			);
			name = Main.storyboard;
			sourceTree = "<group>";
		};
		18A1FB7C1BE97356002FCAB6 /* LaunchScreen.storyboard */ = {
			isa = PBXVariantGroup;
			children = (
				18A1FB7D1BE97356002FCAB6 /* Base */,
			);
			name = LaunchScreen.storyboard;
			sourceTree = "<group>";
		};
/* End PBXVariantGroup section */

/* Begin XCBuildConfiguration section */
		18A1FB961BE97357002FCAB6 /* Debug */ = {
			isa = XCBuildConfiguration;
			buildSettings = {
				ALWAYS_SEARCH_USER_PATHS = NO;
				CLANG_CXX_LANGUAGE_STANDARD = "gnu++0x";
				CLANG_CXX_LIBRARY = "libc++";
				CLANG_ENABLE_MODULES = YES;
				CLANG_ENABLE_OBJC_ARC = YES;
				CLANG_WARN_BOOL_CONVERSION = YES;
				CLANG_WARN_CONSTANT_CONVERSION = YES;
				CLANG_WARN_DIRECT_OBJC_ISA_USAGE = YES_ERROR;
				CLANG_WARN_EMPTY_BODY = YES;
				CLANG_WARN_ENUM_CONVERSION = YES;
				CLANG_WARN_INT_CONVERSION = YES;
				CLANG_WARN_OBJC_ROOT_CLASS = YES_ERROR;
				CLANG_WARN_UNREACHABLE_CODE = YES;
				CLANG_WARN__DUPLICATE_METHOD_MATCH = YES;
				"CODE_SIGN_IDENTITY[sdk=iphoneos*]" = "iPhone Developer";
				COPY_PHASE_STRIP = NO;
				DEBUG_INFORMATION_FORMAT = dwarf;
				ENABLE_STRICT_OBJC_MSGSEND = YES;
				ENABLE_TESTABILITY = YES;
				GCC_C_LANGUAGE_STANDARD = gnu99;
				GCC_DYNAMIC_NO_PIC = NO;
				GCC_NO_COMMON_BLOCKS = YES;
				GCC_OPTIMIZATION_LEVEL = 0;
				GCC_PREPROCESSOR_DEFINITIONS = (
					"DEBUG=1",
					"$(inherited)",
				);
				GCC_WARN_64_TO_32_BIT_CONVERSION = YES;
				GCC_WARN_ABOUT_RETURN_TYPE = YES_ERROR;
				GCC_WARN_UNDECLARED_SELECTOR = YES;
				GCC_WARN_UNINITIALIZED_AUTOS = YES_AGGRESSIVE;
				GCC_WARN_UNUSED_FUNCTION = YES;
				GCC_WARN_UNUSED_VARIABLE = YES;
				IPHONEOS_DEPLOYMENT_TARGET = 9.1;
				MTL_ENABLE_DEBUG_INFO = YES;
				ONLY_ACTIVE_ARCH = YES;
				SDKROOT = iphoneos;
				SWIFT_OPTIMIZATION_LEVEL = "-Onone";
			};
			name = Debug;
		};
		18A1FB971BE97357002FCAB6 /* Release */ = {
			isa = XCBuildConfiguration;
			buildSettings = {
				ALWAYS_SEARCH_USER_PATHS = NO;
				CLANG_CXX_LANGUAGE_STANDARD = "gnu++0x";
				CLANG_CXX_LIBRARY = "libc++";
				CLANG_ENABLE_MODULES = YES;
				CLANG_ENABLE_OBJC_ARC = YES;
				CLANG_WARN_BOOL_CONVERSION = YES;
				CLANG_WARN_CONSTANT_CONVERSION = YES;
				CLANG_WARN_DIRECT_OBJC_ISA_USAGE = YES_ERROR;
				CLANG_WARN_EMPTY_BODY = YES;
				CLANG_WARN_ENUM_CONVERSION = YES;
				CLANG_WARN_INT_CONVERSION = YES;
				CLANG_WARN_OBJC_ROOT_CLASS = YES_ERROR;
				CLANG_WARN_UNREACHABLE_CODE = YES;
				CLANG_WARN__DUPLICATE_METHOD_MATCH = YES;
				"CODE_SIGN_IDENTITY[sdk=iphoneos*]" = "iPhone Developer";
				COPY_PHASE_STRIP = NO;
				DEBUG_INFORMATION_FORMAT = "dwarf-with-dsym";
				ENABLE_NS_ASSERTIONS = NO;
				ENABLE_STRICT_OBJC_MSGSEND = YES;
				GCC_C_LANGUAGE_STANDARD = gnu99;
				GCC_NO_COMMON_BLOCKS = YES;
				GCC_WARN_64_TO_32_BIT_CONVERSION = YES;
				GCC_WARN_ABOUT_RETURN_TYPE = YES_ERROR;
				GCC_WARN_UNDECLARED_SELECTOR = YES;
				GCC_WARN_UNINITIALIZED_AUTOS = YES_AGGRESSIVE;
				GCC_WARN_UNUSED_FUNCTION = YES;
				GCC_WARN_UNUSED_VARIABLE = YES;
				IPHONEOS_DEPLOYMENT_TARGET = 9.1;
				MTL_ENABLE_DEBUG_INFO = NO;
				SDKROOT = iphoneos;
				VALIDATE_PRODUCT = YES;
			};
			name = Release;
		};
		18A1FB991BE97357002FCAB6 /* Debug */ = {
			isa = XCBuildConfiguration;
			buildSettings = {
				ASSETCATALOG_COMPILER_APPICON_NAME = AppIcon;
				INFOPLIST_FILE = MemeMe/Info.plist;
				IPHONEOS_DEPLOYMENT_TARGET = 9.1;
				LD_RUNPATH_SEARCH_PATHS = "$(inherited) @executable_path/Frameworks";
				PRODUCT_BUNDLE_IDENTIFIER = com.jennylouthan.MemeMe;
				PRODUCT_NAME = "$(TARGET_NAME)";
			};
			name = Debug;
		};
		18A1FB9A1BE97357002FCAB6 /* Release */ = {
			isa = XCBuildConfiguration;
			buildSettings = {
				ASSETCATALOG_COMPILER_APPICON_NAME = AppIcon;
				INFOPLIST_FILE = MemeMe/Info.plist;
				IPHONEOS_DEPLOYMENT_TARGET = 9.1;
				LD_RUNPATH_SEARCH_PATHS = "$(inherited) @executable_path/Frameworks";
				PRODUCT_BUNDLE_IDENTIFIER = com.jennylouthan.MemeMe;
				PRODUCT_NAME = "$(TARGET_NAME)";
			};
			name = Release;
		};
		18A1FB9C1BE97357002FCAB6 /* Debug */ = {
			isa = XCBuildConfiguration;
			buildSettings = {
				BUNDLE_LOADER = "$(TEST_HOST)";
				INFOPLIST_FILE = MemeMeTests/Info.plist;
				LD_RUNPATH_SEARCH_PATHS = "$(inherited) @executable_path/Frameworks @loader_path/Frameworks";
				PRODUCT_BUNDLE_IDENTIFIER = com.jennylouthan.MemeMeTests;
				PRODUCT_NAME = "$(TARGET_NAME)";
				TEST_HOST = "$(BUILT_PRODUCTS_DIR)/MemeMe.app/MemeMe";
			};
			name = Debug;
		};
		18A1FB9D1BE97357002FCAB6 /* Release */ = {
			isa = XCBuildConfiguration;
			buildSettings = {
				BUNDLE_LOADER = "$(TEST_HOST)";
				INFOPLIST_FILE = MemeMeTests/Info.plist;
				LD_RUNPATH_SEARCH_PATHS = "$(inherited) @executable_path/Frameworks @loader_path/Frameworks";
				PRODUCT_BUNDLE_IDENTIFIER = com.jennylouthan.MemeMeTests;
				PRODUCT_NAME = "$(TARGET_NAME)";
				TEST_HOST = "$(BUILT_PRODUCTS_DIR)/MemeMe.app/MemeMe";
			};
			name = Release;
		};
		18A1FB9F1BE97357002FCAB6 /* Debug */ = {
			isa = XCBuildConfiguration;
			buildSettings = {
				INFOPLIST_FILE = MemeMeUITests/Info.plist;
				LD_RUNPATH_SEARCH_PATHS = "$(inherited) @executable_path/Frameworks @loader_path/Frameworks";
				PRODUCT_BUNDLE_IDENTIFIER = com.jennylouthan.MemeMeUITests;
				PRODUCT_NAME = "$(TARGET_NAME)";
				TEST_TARGET_NAME = MemeMe;
				USES_XCTRUNNER = YES;
			};
			name = Debug;
		};
		18A1FBA01BE97357002FCAB6 /* Release */ = {
			isa = XCBuildConfiguration;
			buildSettings = {
				INFOPLIST_FILE = MemeMeUITests/Info.plist;
				LD_RUNPATH_SEARCH_PATHS = "$(inherited) @executable_path/Frameworks @loader_path/Frameworks";
				PRODUCT_BUNDLE_IDENTIFIER = com.jennylouthan.MemeMeUITests;
				PRODUCT_NAME = "$(TARGET_NAME)";
				TEST_TARGET_NAME = MemeMe;
				USES_XCTRUNNER = YES;
			};
			name = Release;
		};
/* End XCBuildConfiguration section */

/* Begin XCConfigurationList section */
		18A1FB6B1BE97356002FCAB6 /* Build configuration list for PBXProject "MemeMe" */ = {
			isa = XCConfigurationList;
			buildConfigurations = (
				18A1FB961BE97357002FCAB6 /* Debug */,
				18A1FB971BE97357002FCAB6 /* Release */,
			);
			defaultConfigurationIsVisible = 0;
			defaultConfigurationName = Release;
		};
		18A1FB981BE97357002FCAB6 /* Build configuration list for PBXNativeTarget "MemeMe" */ = {
			isa = XCConfigurationList;
			buildConfigurations = (
				18A1FB991BE97357002FCAB6 /* Debug */,
				18A1FB9A1BE97357002FCAB6 /* Release */,
			);
			defaultConfigurationIsVisible = 0;
			defaultConfigurationName = Release;
		};
		18A1FB9B1BE97357002FCAB6 /* Build configuration list for PBXNativeTarget "MemeMeTests" */ = {
			isa = XCConfigurationList;
			buildConfigurations = (
				18A1FB9C1BE97357002FCAB6 /* Debug */,
				18A1FB9D1BE97357002FCAB6 /* Release */,
			);
			defaultConfigurationIsVisible = 0;
			defaultConfigurationName = Release;
		};
		18A1FB9E1BE97357002FCAB6 /* Build configuration list for PBXNativeTarget "MemeMeUITests" */ = {
			isa = XCConfigurationList;
			buildConfigurations = (
				18A1FB9F1BE97357002FCAB6 /* Debug */,
				18A1FBA01BE97357002FCAB6 /* Release */,
			);
			defaultConfigurationIsVisible = 0;
			defaultConfigurationName = Release;
		};
/* End XCConfigurationList section */
	};
	rootObject = 18A1FB681BE97356002FCAB6 /* Project object */;
}
